
Microsoft Visual Studio Solution File, Format Version 12.00
# Visual Studio Version 16
VisualStudioVersion = 16.0.29920.165
MinimumVisualStudioVersion = 10.0.40219.1
Project("{FAE04EC0-301F-11D3-BF4B-00C04F79EFBC}") = "wpfappHarjotus", "wpfappHarjotus\wpfappHarjotus.csproj", "{419F3983-15EF-47B4-8B0C-12B966B23BF1}"
EndProject
Global
	GlobalSection(SolutionConfigurationPlatforms) = preSolution
		Debug|Any CPU = Debug|Any CPU
		Release|Any CPU = Release|Any CPU
	EndGlobalSection
	GlobalSection(ProjectConfigurationPlatforms) = postSolution
		{419F3983-15EF-47B4-8B0C-12B966B23BF1}.Debug|Any CPU.ActiveCfg = Debug|Any CPU
		{419F3983-15EF-47B4-8B0C-12B966B23BF1}.Debug|Any CPU.Build.0 = Debug|Any CPU
		{419F3983-15EF-47B4-8B0C-12B966B23BF1}.Release|Any CPU.ActiveCfg = Release|Any CPU
		{419F3983-15EF-47B4-8B0C-12B966B23BF1}.Release|Any CPU.Build.0 = Release|Any CPU
	EndGlobalSection
	GlobalSection(SolutionProperties) = preSolution
		HideSolutionNode = FALSE
	EndGlobalSection
	GlobalSection(ExtensibilityGlobals) = postSolution
		SolutionGuid = {9865408B-BF39-4974-BA6E-E051E2C1919C}
	EndGlobalSection
EndGlobal
